
Microsoft Visual Studio Solution File, Format Version 12.00
# Visual Studio Version 16
VisualStudioVersion = 16.0.32510.428
MinimumVisualStudioVersion = 10.0.40219.1
Project("{FAE04EC0-301F-11D3-BF4B-00C04F79EFBC}") = "15.10_ConsoleApp usses tread", "15.10_ConsoleApp usses tread.csproj", "{F015083B-68D9-4BD2-8DB9-6360FDF454EC}"
EndProject
Global
	GlobalSection(SolutionConfigurationPlatforms) = preSolution
		Debug|Any CPU = Debug|Any CPU
		Release|Any CPU = Release|Any CPU
	EndGlobalSection
	GlobalSection(ProjectConfigurationPlatforms) = postSolution
		{F015083B-68D9-4BD2-8DB9-6360FDF454EC}.Debug|Any CPU.ActiveCfg = Debug|Any CPU
		{F015083B-68D9-4BD2-8DB9-6360FDF454EC}.Debug|Any CPU.Build.0 = Debug|Any CPU
		{F015083B-68D9-4BD2-8DB9-6360FDF454EC}.Release|Any CPU.ActiveCfg = Release|Any CPU
		{F015083B-68D9-4BD2-8DB9-6360FDF454EC}.Release|Any CPU.Build.0 = Release|Any CPU
	EndGlobalSection
	GlobalSection(SolutionProperties) = preSolution
		HideSolutionNode = FALSE
	EndGlobalSection
	GlobalSection(ExtensibilityGlobals) = postSolution
		SolutionGuid = {26B352B7-3998-43B1-A309-BB249A96E8EA}
	EndGlobalSection
EndGlobal
